// !$*UTF8*$!
{
	archiveVersion = 1;
	classes = {
	};
	objectVersion = 56;
	objects = {

/* Begin PBXBuildFile section */
		18BDDC8D2C039304007A9ACE /* AppDelegate.swift in Sources */ = {isa = PBXBuildFile; fileRef = 18BDDC8C2C039304007A9ACE /* AppDelegate.swift */; };
		18BDDC8F2C039304007A9ACE /* SceneDelegate.swift in Sources */ = {isa = PBXBuildFile; fileRef = 18BDDC8E2C039304007A9ACE /* SceneDelegate.swift */; };
		18BDDC912C039304007A9ACE /* CreatePwdScreen.swift in Sources */ = {isa = PBXBuildFile; fileRef = 18BDDC902C039304007A9ACE /* CreatePwdScreen.swift */; };
		18BDDC962C039305007A9ACE /* Assets.xcassets in Resources */ = {isa = PBXBuildFile; fileRef = 18BDDC952C039305007A9ACE /* Assets.xcassets */; };
		18BDDC992C039305007A9ACE /* Base in Resources */ = {isa = PBXBuildFile; fileRef = 18BDDC982C039305007A9ACE /* Base */; };
		18BDDCA52C0394CE007A9ACE /* SnapKit in Frameworks */ = {isa = PBXBuildFile; productRef = 18BDDCA42C0394CE007A9ACE /* SnapKit */; };
		18BDDCA72C03AF98007A9ACE /* CustomTableView.swift in Sources */ = {isa = PBXBuildFile; fileRef = 18BDDCA62C03AF98007A9ACE /* CustomTableView.swift */; };
		18BDDCA92C03B62B007A9ACE /* CustomTableViewCell.swift in Sources */ = {isa = PBXBuildFile; fileRef = 18BDDCA82C03B62B007A9ACE /* CustomTableViewCell.swift */; };
		18BDDCAC2C03BA2B007A9ACE /* User.swift in Sources */ = {isa = PBXBuildFile; fileRef = 18BDDCAB2C03BA2B007A9ACE /* User.swift */; };
/* End PBXBuildFile section */

/* Begin PBXFileReference section */
		18BDDC892C039304007A9ACE /* iOS-UI4-hw6.app */ = {isa = PBXFileReference; explicitFileType = wrapper.application; includeInIndex = 0; path = "iOS-UI4-hw6.app"; sourceTree = BUILT_PRODUCTS_DIR; };
		18BDDC8C2C039304007A9ACE /* AppDelegate.swift */ = {isa = PBXFileReference; lastKnownFileType = sourcecode.swift; path = AppDelegate.swift; sourceTree = "<group>"; };
		18BDDC8E2C039304007A9ACE /* SceneDelegate.swift */ = {isa = PBXFileReference; lastKnownFileType = sourcecode.swift; path = SceneDelegate.swift; sourceTree = "<group>"; };
		18BDDC902C039304007A9ACE /* CreatePwdScreen.swift */ = {isa = PBXFileReference; lastKnownFileType = sourcecode.swift; path = CreatePwdScreen.swift; sourceTree = "<group>"; };
		18BDDC952C039305007A9ACE /* Assets.xcassets */ = {isa = PBXFileReference; lastKnownFileType = folder.assetcatalog; path = Assets.xcassets; sourceTree = "<group>"; };
		18BDDC982C039305007A9ACE /* Base */ = {isa = PBXFileReference; lastKnownFileType = file.storyboard; name = Base; path = Base.lproj/LaunchScreen.storyboard; sourceTree = "<group>"; };
		18BDDC9A2C039305007A9ACE /* Info.plist */ = {isa = PBXFileReference; lastKnownFileType = text.plist.xml; path = Info.plist; sourceTree = "<group>"; };
		18BDDCA62C03AF98007A9ACE /* CustomTableView.swift */ = {isa = PBXFileReference; lastKnownFileType = sourcecode.swift; path = CustomTableView.swift; sourceTree = "<group>"; };
		18BDDCA82C03B62B007A9ACE /* CustomTableViewCell.swift */ = {isa = PBXFileReference; lastKnownFileType = sourcecode.swift; path = CustomTableViewCell.swift; sourceTree = "<group>"; };
		18BDDCAB2C03BA2B007A9ACE /* User.swift */ = {isa = PBXFileReference; lastKnownFileType = sourcecode.swift; path = User.swift; sourceTree = "<group>"; };
/* End PBXFileReference section */

/* Begin PBXFrameworksBuildPhase section */
		18BDDC862C039304007A9ACE /* Frameworks */ = {
			isa = PBXFrameworksBuildPhase;
			buildActionMask = 2147483647;
			files = (
				18BDDCA52C0394CE007A9ACE /* SnapKit in Frameworks */,
			);
			runOnlyForDeploymentPostprocessing = 0;
		};
/* End PBXFrameworksBuildPhase section */

/* Begin PBXGroup section */
		18BDDC802C039304007A9ACE = {
			isa = PBXGroup;
			children = (
				18BDDC8B2C039304007A9ACE /* iOS-UI4-hw6 */,
				18BDDC8A2C039304007A9ACE /* Products */,
			);
			sourceTree = "<group>";
		};
		18BDDC8A2C039304007A9ACE /* Products */ = {
			isa = PBXGroup;
			children = (
				18BDDC892C039304007A9ACE /* iOS-UI4-hw6.app */,
			);
			name = Products;
			sourceTree = "<group>";
		};
		18BDDC8B2C039304007A9ACE /* iOS-UI4-hw6 */ = {
			isa = PBXGroup;
			children = (
				18BDDCAD2C03BA34007A9ACE /* Model */,
				18BDDCAA2C03B632007A9ACE /* Cell */,
				18BDDCA02C039316007A9ACE /* AppDelegate */,
				18BDDCA12C039324007A9ACE /* Controllers */,
				18BDDCA22C039338007A9ACE /* Resources */,
				18BDDC9A2C039305007A9ACE /* Info.plist */,
			);
			path = "iOS-UI4-hw6";
			sourceTree = "<group>";
		};
		18BDDCA02C039316007A9ACE /* AppDelegate */ = {
			isa = PBXGroup;
			children = (
				18BDDC8C2C039304007A9ACE /* AppDelegate.swift */,
				18BDDC8E2C039304007A9ACE /* SceneDelegate.swift */,
			);
			path = AppDelegate;
			sourceTree = "<group>";
		};
		18BDDCA12C039324007A9ACE /* Controllers */ = {
			isa = PBXGroup;
			children = (
				18BDDC902C039304007A9ACE /* CreatePwdScreen.swift */,
				18BDDCA62C03AF98007A9ACE /* CustomTableView.swift */,
			);
			path = Controllers;
			sourceTree = "<group>";
		};
		18BDDCA22C039338007A9ACE /* Resources */ = {
			isa = PBXGroup;
			children = (
				18BDDC952C039305007A9ACE /* Assets.xcassets */,
				18BDDC972C039305007A9ACE /* LaunchScreen.storyboard */,
			);
			path = Resources;
			sourceTree = "<group>";
		};
		18BDDCAA2C03B632007A9ACE /* Cell */ = {
			isa = PBXGroup;
			children = (
				18BDDCA82C03B62B007A9ACE /* CustomTableViewCell.swift */,
			);
			path = Cell;
			sourceTree = "<group>";
		};
		18BDDCAD2C03BA34007A9ACE /* Model */ = {
			isa = PBXGroup;
			children = (
				18BDDCAB2C03BA2B007A9ACE /* User.swift */,
			);
			path = Model;
			sourceTree = "<group>";
		};
/* End PBXGroup section */

/* Begin PBXNativeTarget section */
		18BDDC882C039304007A9ACE /* iOS-UI4-hw6 */ = {
			isa = PBXNativeTarget;
			buildConfigurationList = 18BDDC9D2C039305007A9ACE /* Build configuration list for PBXNativeTarget "iOS-UI4-hw6" */;
			buildPhases = (
				18BDDC852C039304007A9ACE /* Sources */,
				18BDDC862C039304007A9ACE /* Frameworks */,
				18BDDC872C039304007A9ACE /* Resources */,
			);
			buildRules = (
			);
			dependencies = (
			);
			name = "iOS-UI4-hw6";
			packageProductDependencies = (
				18BDDCA42C0394CE007A9ACE /* SnapKit */,
			);
			productName = "iOS-UI4-hw6";
			productReference = 18BDDC892C039304007A9ACE /* iOS-UI4-hw6.app */;
			productType = "com.apple.product-type.application";
		};
/* End PBXNativeTarget section */

/* Begin PBXProject section */
		18BDDC812C039304007A9ACE /* Project object */ = {
			isa = PBXProject;
			attributes = {
				BuildIndependentTargetsInParallel = 1;
				LastSwiftUpdateCheck = 1540;
				LastUpgradeCheck = 1540;
				TargetAttributes = {
					18BDDC882C039304007A9ACE = {
						CreatedOnToolsVersion = 15.4;
					};
				};
			};
			buildConfigurationList = 18BDDC842C039304007A9ACE /* Build configuration list for PBXProject "iOS-UI4-hw6" */;
			compatibilityVersion = "Xcode 14.0";
			developmentRegion = en;
			hasScannedForEncodings = 0;
			knownRegions = (
				en,
				Base,
			);
			mainGroup = 18BDDC802C039304007A9ACE;
			packageReferences = (
				18BDDCA32C0394CE007A9ACE /* XCRemoteSwiftPackageReference "SnapKit" */,
			);
			productRefGroup = 18BDDC8A2C039304007A9ACE /* Products */;
			projectDirPath = "";
			projectRoot = "";
			targets = (
				18BDDC882C039304007A9ACE /* iOS-UI4-hw6 */,
			);
		};
/* End PBXProject section */

/* Begin PBXResourcesBuildPhase section */
		18BDDC872C039304007A9ACE /* Resources */ = {
			isa = PBXResourcesBuildPhase;
			buildActionMask = 2147483647;
			files = (
				18BDDC962C039305007A9ACE /* Assets.xcassets in Resources */,
				18BDDC992C039305007A9ACE /* Base in Resources */,
			);
			runOnlyForDeploymentPostprocessing = 0;
		};
/* End PBXResourcesBuildPhase section */

/* Begin PBXSourcesBuildPhase section */
		18BDDC852C039304007A9ACE /* Sources */ = {
			isa = PBXSourcesBuildPhase;
			buildActionMask = 2147483647;
			files = (
				18BDDC912C039304007A9ACE /* CreatePwdScreen.swift in Sources */,
				18BDDCA92C03B62B007A9ACE /* CustomTableViewCell.swift in Sources */,
				18BDDCAC2C03BA2B007A9ACE /* User.swift in Sources */,
				18BDDC8D2C039304007A9ACE /* AppDelegate.swift in Sources */,
				18BDDCA72C03AF98007A9ACE /* CustomTableView.swift in Sources */,
				18BDDC8F2C039304007A9ACE /* SceneDelegate.swift in Sources */,
			);
			runOnlyForDeploymentPostprocessing = 0;
		};
/* End PBXSourcesBuildPhase section */

/* Begin PBXVariantGroup section */
		18BDDC972C039305007A9ACE /* LaunchScreen.storyboard */ = {
			isa = PBXVariantGroup;
			children = (
				18BDDC982C039305007A9ACE /* Base */,
			);
			name = LaunchScreen.storyboard;
			sourceTree = "<group>";
		};
/* End PBXVariantGroup section */

/* Begin XCBuildConfiguration section */
		18BDDC9B2C039305007A9ACE /* Debug */ = {
			isa = XCBuildConfiguration;
			buildSettings = {
				ALWAYS_SEARCH_USER_PATHS = NO;
				ASSETCATALOG_COMPILER_GENERATE_SWIFT_ASSET_SYMBOL_EXTENSIONS = YES;
				CLANG_ANALYZER_NONNULL = YES;
				CLANG_ANALYZER_NUMBER_OBJECT_CONVERSION = YES_AGGRESSIVE;
				CLANG_CXX_LANGUAGE_STANDARD = "gnu++20";
				CLANG_ENABLE_MODULES = YES;
				CLANG_ENABLE_OBJC_ARC = YES;
				CLANG_ENABLE_OBJC_WEAK = YES;
				CLANG_WARN_BLOCK_CAPTURE_AUTORELEASING = YES;
				CLANG_WARN_BOOL_CONVERSION = YES;
				CLANG_WARN_COMMA = YES;
				CLANG_WARN_CONSTANT_CONVERSION = YES;
				CLANG_WARN_DEPRECATED_OBJC_IMPLEMENTATIONS = YES;
				CLANG_WARN_DIRECT_OBJC_ISA_USAGE = YES_ERROR;
				CLANG_WARN_DOCUMENTATION_COMMENTS = YES;
				CLANG_WARN_EMPTY_BODY = YES;
				CLANG_WARN_ENUM_CONVERSION = YES;
				CLANG_WARN_INFINITE_RECURSION = YES;
				CLANG_WARN_INT_CONVERSION = YES;
				CLANG_WARN_NON_LITERAL_NULL_CONVERSION = YES;
				CLANG_WARN_OBJC_IMPLICIT_RETAIN_SELF = YES;
				CLANG_WARN_OBJC_LITERAL_CONVERSION = YES;
				CLANG_WARN_OBJC_ROOT_CLASS = YES_ERROR;
				CLANG_WARN_QUOTED_INCLUDE_IN_FRAMEWORK_HEADER = YES;
				CLANG_WARN_RANGE_LOOP_ANALYSIS = YES;
				CLANG_WARN_STRICT_PROTOTYPES = YES;
				CLANG_WARN_SUSPICIOUS_MOVE = YES;
				CLANG_WARN_UNGUARDED_AVAILABILITY = YES_AGGRESSIVE;
				CLANG_WARN_UNREACHABLE_CODE = YES;
				CLANG_WARN__DUPLICATE_METHOD_MATCH = YES;
				COPY_PHASE_STRIP = NO;
				DEBUG_INFORMATION_FORMAT = dwarf;
				ENABLE_STRICT_OBJC_MSGSEND = YES;
				ENABLE_TESTABILITY = YES;
				ENABLE_USER_SCRIPT_SANDBOXING = YES;
				GCC_C_LANGUAGE_STANDARD = gnu17;
				GCC_DYNAMIC_NO_PIC = NO;
				GCC_NO_COMMON_BLOCKS = YES;
				GCC_OPTIMIZATION_LEVEL = 0;
				GCC_PREPROCESSOR_DEFINITIONS = (
					"DEBUG=1",
					"$(inherited)",
				);
				GCC_WARN_64_TO_32_BIT_CONVERSION = YES;
				GCC_WARN_ABOUT_RETURN_TYPE = YES_ERROR;
				GCC_WARN_UNDECLARED_SELECTOR = YES;
				GCC_WARN_UNINITIALIZED_AUTOS = YES_AGGRESSIVE;
				GCC_WARN_UNUSED_FUNCTION = YES;
				GCC_WARN_UNUSED_VARIABLE = YES;
				IPHONEOS_DEPLOYMENT_TARGET = 17.5;
				LOCALIZATION_PREFERS_STRING_CATALOGS = YES;
				MTL_ENABLE_DEBUG_INFO = INCLUDE_SOURCE;
				MTL_FAST_MATH = YES;
				ONLY_ACTIVE_ARCH = YES;
				SDKROOT = iphoneos;
				SWIFT_ACTIVE_COMPILATION_CONDITIONS = "DEBUG $(inherited)";
				SWIFT_OPTIMIZATION_LEVEL = "-Onone";
			};
			name = Debug;
		};
		18BDDC9C2C039305007A9ACE /* Release */ = {
			isa = XCBuildConfiguration;
			buildSettings = {
				ALWAYS_SEARCH_USER_PATHS = NO;
				ASSETCATALOG_COMPILER_GENERATE_SWIFT_ASSET_SYMBOL_EXTENSIONS = YES;
				CLANG_ANALYZER_NONNULL = YES;
				CLANG_ANALYZER_NUMBER_OBJECT_CONVERSION = YES_AGGRESSIVE;
				CLANG_CXX_LANGUAGE_STANDARD = "gnu++20";
				CLANG_ENABLE_MODULES = YES;
				CLANG_ENABLE_OBJC_ARC = YES;
				CLANG_ENABLE_OBJC_WEAK = YES;
				CLANG_WARN_BLOCK_CAPTURE_AUTORELEASING = YES;
				CLANG_WARN_BOOL_CONVERSION = YES;
				CLANG_WARN_COMMA = YES;
				CLANG_WARN_CONSTANT_CONVERSION = YES;
				CLANG_WARN_DEPRECATED_OBJC_IMPLEMENTATIONS = YES;
				CLANG_WARN_DIRECT_OBJC_ISA_USAGE = YES_ERROR;
				CLANG_WARN_DOCUMENTATION_COMMENTS = YES;
				CLANG_WARN_EMPTY_BODY = YES;
				CLANG_WARN_ENUM_CONVERSION = YES;
				CLANG_WARN_INFINITE_RECURSION = YES;
				CLANG_WARN_INT_CONVERSION = YES;
				CLANG_WARN_NON_LITERAL_NULL_CONVERSION = YES;
				CLANG_WARN_OBJC_IMPLICIT_RETAIN_SELF = YES;
				CLANG_WARN_OBJC_LITERAL_CONVERSION = YES;
				CLANG_WARN_OBJC_ROOT_CLASS = YES_ERROR;
				CLANG_WARN_QUOTED_INCLUDE_IN_FRAMEWORK_HEADER = YES;
				CLANG_WARN_RANGE_LOOP_ANALYSIS = YES;
				CLANG_WARN_STRICT_PROTOTYPES = YES;
				CLANG_WARN_SUSPICIOUS_MOVE = YES;
				CLANG_WARN_UNGUARDED_AVAILABILITY = YES_AGGRESSIVE;
				CLANG_WARN_UNREACHABLE_CODE = YES;
				CLANG_WARN__DUPLICATE_METHOD_MATCH = YES;
				COPY_PHASE_STRIP = NO;
				DEBUG_INFORMATION_FORMAT = "dwarf-with-dsym";
				ENABLE_NS_ASSERTIONS = NO;
				ENABLE_STRICT_OBJC_MSGSEND = YES;
				ENABLE_USER_SCRIPT_SANDBOXING = YES;
				GCC_C_LANGUAGE_STANDARD = gnu17;
				GCC_NO_COMMON_BLOCKS = YES;
				GCC_WARN_64_TO_32_BIT_CONVERSION = YES;
				GCC_WARN_ABOUT_RETURN_TYPE = YES_ERROR;
				GCC_WARN_UNDECLARED_SELECTOR = YES;
				GCC_WARN_UNINITIALIZED_AUTOS = YES_AGGRESSIVE;
				GCC_WARN_UNUSED_FUNCTION = YES;
				GCC_WARN_UNUSED_VARIABLE = YES;
				IPHONEOS_DEPLOYMENT_TARGET = 17.5;
				LOCALIZATION_PREFERS_STRING_CATALOGS = YES;
				MTL_ENABLE_DEBUG_INFO = NO;
				MTL_FAST_MATH = YES;
				SDKROOT = iphoneos;
				SWIFT_COMPILATION_MODE = wholemodule;
				VALIDATE_PRODUCT = YES;
			};
			name = Release;
		};
		18BDDC9E2C039305007A9ACE /* Debug */ = {
			isa = XCBuildConfiguration;
			buildSettings = {
				ASSETCATALOG_COMPILER_APPICON_NAME = AppIcon;
				ASSETCATALOG_COMPILER_GLOBAL_ACCENT_COLOR_NAME = AccentColor;
				CODE_SIGN_STYLE = Automatic;
				CURRENT_PROJECT_VERSION = 1;
				GENERATE_INFOPLIST_FILE = YES;
				INFOPLIST_FILE = "iOS-UI4-hw6/Info.plist";
				INFOPLIST_KEY_UIApplicationSupportsIndirectInputEvents = YES;
				INFOPLIST_KEY_UILaunchStoryboardName = LaunchScreen;
				INFOPLIST_KEY_UISupportedInterfaceOrientations_iPad = "UIInterfaceOrientationPortrait UIInterfaceOrientationPortraitUpsideDown UIInterfaceOrientationLandscapeLeft UIInterfaceOrientationLandscapeRight";
				INFOPLIST_KEY_UISupportedInterfaceOrientations_iPhone = "UIInterfaceOrientationPortrait UIInterfaceOrientationLandscapeLeft UIInterfaceOrientationLandscapeRight";
				LD_RUNPATH_SEARCH_PATHS = (
					"$(inherited)",
					"@executable_path/Frameworks",
				);
				MARKETING_VERSION = 1.0;
				PRODUCT_BUNDLE_IDENTIFIER = "kg.auca.iOS-UI4-hw6";
				PRODUCT_NAME = "$(TARGET_NAME)";
				SWIFT_EMIT_LOC_STRINGS = YES;
				SWIFT_VERSION = 5.0;
				TARGETED_DEVICE_FAMILY = "1,2";
			};
			name = Debug;
		};
		18BDDC9F2C039305007A9ACE /* Release */ = {
			isa = XCBuildConfiguration;
			buildSettings = {
				ASSETCATALOG_COMPILER_APPICON_NAME = AppIcon;
				ASSETCATALOG_COMPILER_GLOBAL_ACCENT_COLOR_NAME = AccentColor;
				CODE_SIGN_STYLE = Automatic;
				CURRENT_PROJECT_VERSION = 1;
				GENERATE_INFOPLIST_FILE = YES;
				INFOPLIST_FILE = "iOS-UI4-hw6/Info.plist";
				INFOPLIST_KEY_UIApplicationSupportsIndirectInputEvents = YES;
				INFOPLIST_KEY_UILaunchStoryboardName = LaunchScreen;
				INFOPLIST_KEY_UISupportedInterfaceOrientations_iPad = "UIInterfaceOrientationPortrait UIInterfaceOrientationPortraitUpsideDown UIInterfaceOrientationLandscapeLeft UIInterfaceOrientationLandscapeRight";
				INFOPLIST_KEY_UISupportedInterfaceOrientations_iPhone = "UIInterfaceOrientationPortrait UIInterfaceOrientationLandscapeLeft UIInterfaceOrientationLandscapeRight";
				LD_RUNPATH_SEARCH_PATHS = (
					"$(inherited)",
					"@executable_path/Frameworks",
				);
				MARKETING_VERSION = 1.0;
				PRODUCT_BUNDLE_IDENTIFIER = "kg.auca.iOS-UI4-hw6";
				PRODUCT_NAME = "$(TARGET_NAME)";
				SWIFT_EMIT_LOC_STRINGS = YES;
				SWIFT_VERSION = 5.0;
				TARGETED_DEVICE_FAMILY = "1,2";
			};
			name = Release;
		};
/* End XCBuildConfiguration section */

/* Begin XCConfigurationList section */
		18BDDC842C039304007A9ACE /* Build configuration list for PBXProject "iOS-UI4-hw6" */ = {
			isa = XCConfigurationList;
			buildConfigurations = (
				18BDDC9B2C039305007A9ACE /* Debug */,
				18BDDC9C2C039305007A9ACE /* Release */,
			);
			defaultConfigurationIsVisible = 0;
			defaultConfigurationName = Release;
		};
		18BDDC9D2C039305007A9ACE /* Build configuration list for PBXNativeTarget "iOS-UI4-hw6" */ = {
			isa = XCConfigurationList;
			buildConfigurations = (
				18BDDC9E2C039305007A9ACE /* Debug */,
				18BDDC9F2C039305007A9ACE /* Release */,
			);
			defaultConfigurationIsVisible = 0;
			defaultConfigurationName = Release;
		};
/* End XCConfigurationList section */

/* Begin XCRemoteSwiftPackageReference section */
		18BDDCA32C0394CE007A9ACE /* XCRemoteSwiftPackageReference "SnapKit" */ = {
			isa = XCRemoteSwiftPackageReference;
			repositoryURL = "https://github.com/SnapKit/SnapKit.git";
			requirement = {
				kind = upToNextMajorVersion;
				minimumVersion = 5.7.1;
			};
		};
/* End XCRemoteSwiftPackageReference section */

/* Begin XCSwiftPackageProductDependency section */
		18BDDCA42C0394CE007A9ACE /* SnapKit */ = {
			isa = XCSwiftPackageProductDependency;
			package = 18BDDCA32C0394CE007A9ACE /* XCRemoteSwiftPackageReference "SnapKit" */;
			productName = SnapKit;
		};
/* End XCSwiftPackageProductDependency section */
	};
	rootObject = 18BDDC812C039304007A9ACE /* Project object */;
}
